
Microsoft Visual Studio Solution File, Format Version 12.00
# Visual Studio Version 16
VisualStudioVersion = 25.0.1706.11
MinimumVisualStudioVersion = 10.0.40219.1
Project("{FAE04EC0-301F-11D3-BF4B-00C04F79EFBC}") = "tpmodul10_1302220126", "tpmodul10_1302220126\tpmodul10_1302220126.csproj", "{AA71F135-49A5-43F9-8A6F-A743B9E64AB0}"
EndProject
Global
	GlobalSection(SolutionConfigurationPlatforms) = preSolution
		Debug|Any CPU = Debug|Any CPU
		Release|Any CPU = Release|Any CPU
	EndGlobalSection
	GlobalSection(ProjectConfigurationPlatforms) = postSolution
		{AA71F135-49A5-43F9-8A6F-A743B9E64AB0}.Debug|Any CPU.ActiveCfg = Debug|Any CPU
		{AA71F135-49A5-43F9-8A6F-A743B9E64AB0}.Debug|Any CPU.Build.0 = Debug|Any CPU
		{AA71F135-49A5-43F9-8A6F-A743B9E64AB0}.Release|Any CPU.ActiveCfg = Release|Any CPU
		{AA71F135-49A5-43F9-8A6F-A743B9E64AB0}.Release|Any CPU.Build.0 = Release|Any CPU
	EndGlobalSection
	GlobalSection(SolutionProperties) = preSolution
		HideSolutionNode = FALSE
	EndGlobalSection
	GlobalSection(ExtensibilityGlobals) = postSolution
		SolutionGuid = {10D5C4D6-74C2-417B-9982-F3AC05917A3B}
	EndGlobalSection
EndGlobal
